
Microsoft Visual Studio Solution File, Format Version 12.00
# Visual Studio Version 16
VisualStudioVersion = 16.0.29709.97
MinimumVisualStudioVersion = 10.0.40219.1
Project("{FAE04EC0-301F-11D3-BF4B-00C04F79EFBC}") = "MvcMovie", "MvcMovie.csproj", "{AC2C0601-86DC-426C-8867-982A61085C53}"
EndProject
Global
	GlobalSection(SolutionConfigurationPlatforms) = preSolution
		Debug|Any CPU = Debug|Any CPU
		Release|Any CPU = Release|Any CPU
	EndGlobalSection
	GlobalSection(ProjectConfigurationPlatforms) = postSolution
		{AC2C0601-86DC-426C-8867-982A61085C53}.Debug|Any CPU.ActiveCfg = Debug|Any CPU
		{AC2C0601-86DC-426C-8867-982A61085C53}.Debug|Any CPU.Build.0 = Debug|Any CPU
		{AC2C0601-86DC-426C-8867-982A61085C53}.Release|Any CPU.ActiveCfg = Release|Any CPU
		{AC2C0601-86DC-426C-8867-982A61085C53}.Release|Any CPU.Build.0 = Release|Any CPU
	EndGlobalSection
	GlobalSection(SolutionProperties) = preSolution
		HideSolutionNode = FALSE
	EndGlobalSection
	GlobalSection(ExtensibilityGlobals) = postSolution
		SolutionGuid = {691F21D9-87C6-4A26-B496-670B6FAC1896}
	EndGlobalSection
EndGlobal
